
Microsoft Visual Studio Solution File, Format Version 12.00
# Visual Studio Version 16
VisualStudioVersion = 16.0.30413.136
MinimumVisualStudioVersion = 10.0.40219.1
Project("{FAE04EC0-301F-11D3-BF4B-00C04F79EFBC}") = "MyTracer", "Tracer\MyTracer.csproj", "{E6B0B9AF-724E-449D-AA96-60D21387741B}"
EndProject
Project("{FAE04EC0-301F-11D3-BF4B-00C04F79EFBC}") = "TestApplication", "Serialization\TestApplication.csproj", "{C270144F-7BD2-4C17-B07A-7A1912ED8DBA}"
EndProject
Project("{FAE04EC0-301F-11D3-BF4B-00C04F79EFBC}") = "TracerUnitTests", "TracerUnitTests\TracerUnitTests.csproj", "{4F651354-8760-4CAE-89A7-34C999BA7743}"
EndProject
Global
	GlobalSection(SolutionConfigurationPlatforms) = preSolution
		Debug|Any CPU = Debug|Any CPU
		Debug|ARM = Debug|ARM
		Debug|ARM64 = Debug|ARM64
		Debug|x64 = Debug|x64
		Debug|x86 = Debug|x86
		Release|Any CPU = Release|Any CPU
		Release|ARM = Release|ARM
		Release|ARM64 = Release|ARM64
		Release|x64 = Release|x64
		Release|x86 = Release|x86
	EndGlobalSection
	GlobalSection(ProjectConfigurationPlatforms) = postSolution
		{E6B0B9AF-724E-449D-AA96-60D21387741B}.Debug|Any CPU.ActiveCfg = Debug|Any CPU
		{E6B0B9AF-724E-449D-AA96-60D21387741B}.Debug|Any CPU.Build.0 = Debug|Any CPU
		{E6B0B9AF-724E-449D-AA96-60D21387741B}.Debug|ARM.ActiveCfg = Debug|Any CPU
		{E6B0B9AF-724E-449D-AA96-60D21387741B}.Debug|ARM.Build.0 = Debug|Any CPU
		{E6B0B9AF-724E-449D-AA96-60D21387741B}.Debug|ARM64.ActiveCfg = Debug|Any CPU
		{E6B0B9AF-724E-449D-AA96-60D21387741B}.Debug|ARM64.Build.0 = Debug|Any CPU
		{E6B0B9AF-724E-449D-AA96-60D21387741B}.Debug|x64.ActiveCfg = Debug|Any CPU
		{E6B0B9AF-724E-449D-AA96-60D21387741B}.Debug|x64.Build.0 = Debug|Any CPU
		{E6B0B9AF-724E-449D-AA96-60D21387741B}.Debug|x86.ActiveCfg = Debug|Any CPU
		{E6B0B9AF-724E-449D-AA96-60D21387741B}.Debug|x86.Build.0 = Debug|Any CPU
		{E6B0B9AF-724E-449D-AA96-60D21387741B}.Release|Any CPU.ActiveCfg = Release|Any CPU
		{E6B0B9AF-724E-449D-AA96-60D21387741B}.Release|Any CPU.Build.0 = Release|Any CPU
		{E6B0B9AF-724E-449D-AA96-60D21387741B}.Release|ARM.ActiveCfg = Release|Any CPU
		{E6B0B9AF-724E-449D-AA96-60D21387741B}.Release|ARM.Build.0 = Release|Any CPU
		{E6B0B9AF-724E-449D-AA96-60D21387741B}.Release|ARM64.ActiveCfg = Release|Any CPU
		{E6B0B9AF-724E-449D-AA96-60D21387741B}.Release|ARM64.Build.0 = Release|Any CPU
		{E6B0B9AF-724E-449D-AA96-60D21387741B}.Release|x64.ActiveCfg = Release|Any CPU
		{E6B0B9AF-724E-449D-AA96-60D21387741B}.Release|x64.Build.0 = Release|Any CPU
		{E6B0B9AF-724E-449D-AA96-60D21387741B}.Release|x86.ActiveCfg = Release|Any CPU
		{E6B0B9AF-724E-449D-AA96-60D21387741B}.Release|x86.Build.0 = Release|Any CPU
		{C270144F-7BD2-4C17-B07A-7A1912ED8DBA}.Debug|Any CPU.ActiveCfg = Debug|Any CPU
		{C270144F-7BD2-4C17-B07A-7A1912ED8DBA}.Debug|Any CPU.Build.0 = Debug|Any CPU
		{C270144F-7BD2-4C17-B07A-7A1912ED8DBA}.Debug|ARM.ActiveCfg = Debug|Any CPU
		{C270144F-7BD2-4C17-B07A-7A1912ED8DBA}.Debug|ARM.Build.0 = Debug|Any CPU
		{C270144F-7BD2-4C17-B07A-7A1912ED8DBA}.Debug|ARM64.ActiveCfg = Debug|Any CPU
		{C270144F-7BD2-4C17-B07A-7A1912ED8DBA}.Debug|ARM64.Build.0 = Debug|Any CPU
		{C270144F-7BD2-4C17-B07A-7A1912ED8DBA}.Debug|x64.ActiveCfg = Debug|Any CPU
		{C270144F-7BD2-4C17-B07A-7A1912ED8DBA}.Debug|x64.Build.0 = Debug|Any CPU
		{C270144F-7BD2-4C17-B07A-7A1912ED8DBA}.Debug|x86.ActiveCfg = Debug|Any CPU
		{C270144F-7BD2-4C17-B07A-7A1912ED8DBA}.Debug|x86.Build.0 = Debug|Any CPU
		{C270144F-7BD2-4C17-B07A-7A1912ED8DBA}.Release|Any CPU.ActiveCfg = Release|Any CPU
		{C270144F-7BD2-4C17-B07A-7A1912ED8DBA}.Release|Any CPU.Build.0 = Release|Any CPU
		{C270144F-7BD2-4C17-B07A-7A1912ED8DBA}.Release|ARM.ActiveCfg = Release|Any CPU
		{C270144F-7BD2-4C17-B07A-7A1912ED8DBA}.Release|ARM.Build.0 = Release|Any CPU
		{C270144F-7BD2-4C17-B07A-7A1912ED8DBA}.Release|ARM64.ActiveCfg = Release|Any CPU
		{C270144F-7BD2-4C17-B07A-7A1912ED8DBA}.Release|ARM64.Build.0 = Release|Any CPU
		{C270144F-7BD2-4C17-B07A-7A1912ED8DBA}.Release|x64.ActiveCfg = Release|Any CPU
		{C270144F-7BD2-4C17-B07A-7A1912ED8DBA}.Release|x64.Build.0 = Release|Any CPU
		{C270144F-7BD2-4C17-B07A-7A1912ED8DBA}.Release|x86.ActiveCfg = Release|Any CPU
		{C270144F-7BD2-4C17-B07A-7A1912ED8DBA}.Release|x86.Build.0 = Release|Any CPU
		{4F651354-8760-4CAE-89A7-34C999BA7743}.Debug|Any CPU.ActiveCfg = Debug|Any CPU
		{4F651354-8760-4CAE-89A7-34C999BA7743}.Debug|Any CPU.Build.0 = Debug|Any CPU
		{4F651354-8760-4CAE-89A7-34C999BA7743}.Debug|ARM.ActiveCfg = Debug|Any CPU
		{4F651354-8760-4CAE-89A7-34C999BA7743}.Debug|ARM.Build.0 = Debug|Any CPU
		{4F651354-8760-4CAE-89A7-34C999BA7743}.Debug|ARM64.ActiveCfg = Debug|Any CPU
		{4F651354-8760-4CAE-89A7-34C999BA7743}.Debug|ARM64.Build.0 = Debug|Any CPU
		{4F651354-8760-4CAE-89A7-34C999BA7743}.Debug|x64.ActiveCfg = Debug|Any CPU
		{4F651354-8760-4CAE-89A7-34C999BA7743}.Debug|x64.Build.0 = Debug|Any CPU
		{4F651354-8760-4CAE-89A7-34C999BA7743}.Debug|x86.ActiveCfg = Debug|Any CPU
		{4F651354-8760-4CAE-89A7-34C999BA7743}.Debug|x86.Build.0 = Debug|Any CPU
		{4F651354-8760-4CAE-89A7-34C999BA7743}.Release|Any CPU.ActiveCfg = Release|Any CPU
		{4F651354-8760-4CAE-89A7-34C999BA7743}.Release|Any CPU.Build.0 = Release|Any CPU
		{4F651354-8760-4CAE-89A7-34C999BA7743}.Release|ARM.ActiveCfg = Release|Any CPU
		{4F651354-8760-4CAE-89A7-34C999BA7743}.Release|ARM.Build.0 = Release|Any CPU
		{4F651354-8760-4CAE-89A7-34C999BA7743}.Release|ARM64.ActiveCfg = Release|Any CPU
		{4F651354-8760-4CAE-89A7-34C999BA7743}.Release|ARM64.Build.0 = Release|Any CPU
		{4F651354-8760-4CAE-89A7-34C999BA7743}.Release|x64.ActiveCfg = Release|Any CPU
		{4F651354-8760-4CAE-89A7-34C999BA7743}.Release|x64.Build.0 = Release|Any CPU
		{4F651354-8760-4CAE-89A7-34C999BA7743}.Release|x86.ActiveCfg = Release|Any CPU
		{4F651354-8760-4CAE-89A7-34C999BA7743}.Release|x86.Build.0 = Release|Any CPU
	EndGlobalSection
	GlobalSection(SolutionProperties) = preSolution
		HideSolutionNode = FALSE
	EndGlobalSection
	GlobalSection(ExtensibilityGlobals) = postSolution
		SolutionGuid = {09161EB0-2A7A-4EFA-809A-9BF5F935B388}
	EndGlobalSection
EndGlobal
